{
  "version": 4,
  "terraform_version": "0.14.4",
  "serial": 145,
  "lineage": "a29f6804-90d3-ccbe-b9bc-b7f123f64d71",
  "outputs": {},
  "resources": [
    {
      "mode": "managed",
      "type": "aws_cloudfront_distribution",
      "name": "tera-cloufront1",
      "provider": "provider[\"registry.terraform.io/hashicorp/aws\"]",
      "instances": [
        {
          "schema_version": 1,
          "attributes": {
            "aliases": null,
            "arn": "arn:aws:cloudfront::014728856463:distribution/E3QYLVF43C3JV",
            "caller_reference": "terraform-20210128074102737000000001",
            "comment": null,
            "custom_error_response": [],
            "default_cache_behavior": [
              {
                "allowed_methods": [
                  "DELETE",
                  "GET",
                  "HEAD",
                  "OPTIONS",
                  "PATCH",
                  "POST",
                  "PUT"
                ],
                "cached_methods": [
                  "GET",
                  "HEAD"
                ],
                "compress": false,
                "default_ttl": 3600,
                "field_level_encryption_id": "",
                "forwarded_values": [
                  {
                    "cookies": [
                      {
                        "forward": "none",
                        "whitelisted_names": null
                      }
                    ],
                    "headers": null,
                    "query_string": false,
                    "query_string_cache_keys": null
                  }
                ],
                "lambda_function_association": [],
                "max_ttl": 86400,
                "min_ttl": 0,
                "smooth_streaming": false,
                "target_origin_id": "s3-origin",
                "trusted_signers": null,
                "viewer_protocol_policy": "allow-all"
              }
            ],
            "default_root_object": "",
            "domain_name": "d2k5z8wjksehtg.cloudfront.net",
            "enabled": true,
            "etag": "E1RHETPH5FISYC",
            "hosted_zone_id": "Z2FDTNDATAQYW2",
            "http_version": "http2",
            "id": "E3QYLVF43C3JV",
            "in_progress_validation_batches": 0,
            "is_ipv6_enabled": false,
            "last_modified_time": "2021-01-28 07:41:03.606 +0000 UTC",
            "logging_config": [],
            "ordered_cache_behavior": [],
            "origin": [
              {
                "custom_header": [],
                "custom_origin_config": [],
                "domain_name": "statichp21.s3.ap-south-1.amazonaws.com",
                "origin_id": "s3-origin",
                "origin_path": "",
                "s3_origin_config": []
              }
            ],
            "origin_group": [],
            "price_class": "PriceClass_All",
            "restrictions": [
              {
                "geo_restriction": [
                  {
                    "locations": null,
                    "restriction_type": "none"
                  }
                ]
              }
            ],
            "retain_on_delete": false,
            "status": "Deployed",
            "tags": null,
            "trusted_signers": [
              {
                "enabled": false,
                "items": []
              }
            ],
            "viewer_certificate": [
              {
                "acm_certificate_arn": "",
                "cloudfront_default_certificate": true,
                "iam_certificate_id": "",
                "minimum_protocol_version": "TLSv1",
                "ssl_support_method": ""
              }
            ],
            "wait_for_deployment": true,
            "web_acl_id": ""
          },
          "sensitive_attributes": [],
          "private": "eyJzY2hlbWFfdmVyc2lvbiI6IjEifQ==",
          "dependencies": [
            "aws_s3_bucket.statichp21",
            "aws_s3_bucket_object.Object1"
          ]
        }
      ]
    },
    {
      "mode": "managed",
      "type": "aws_instance",
      "name": "Web",
      "provider": "provider[\"registry.terraform.io/hashicorp/aws\"]",
      "instances": [
        {
          "index_key": 0,
          "schema_version": 1,
          "attributes": {
            "ami": "ami-0a4a70bd98c6d6441",
            "arn": "arn:aws:ec2:ap-south-1:014728856463:instance/i-06158b6970e16e080",
            "associate_public_ip_address": true,
            "availability_zone": "ap-south-1a",
            "cpu_core_count": 1,
            "cpu_threads_per_core": 1,
            "credit_specification": [
              {
                "cpu_credits": "standard"
              }
            ],
            "disable_api_termination": false,
            "ebs_block_device": [],
            "ebs_optimized": false,
            "enclave_options": [
              {
                "enabled": false
              }
            ],
            "ephemeral_block_device": [],
            "get_password_data": false,
            "hibernation": false,
            "host_id": null,
            "iam_instance_profile": "",
            "id": "i-06158b6970e16e080",
            "instance_initiated_shutdown_behavior": null,
            "instance_state": "running",
            "instance_type": "t2.micro",
            "ipv6_address_count": 0,
            "ipv6_addresses": [],
            "key_name": "Web-key",
            "metadata_options": [
              {
                "http_endpoint": "enabled",
                "http_put_response_hop_limit": 1,
                "http_tokens": "optional"
              }
            ],
            "monitoring": false,
            "network_interface": [],
            "outpost_arn": "",
            "password_data": "",
            "placement_group": "",
            "primary_network_interface_id": "eni-0ce7295451cb6f23c",
            "private_dns": "ip-10-0-1-120.ap-south-1.compute.internal",
            "private_ip": "10.0.1.120",
            "public_dns": "",
            "public_ip": "13.233.84.189",
            "root_block_device": [
              {
                "delete_on_termination": true,
                "device_name": "/dev/sda1",
                "encrypted": false,
                "iops": 100,
                "kms_key_id": "",
                "tags": {},
                "throughput": 0,
                "volume_id": "vol-0b1750ac25fca90e8",
                "volume_size": 8,
                "volume_type": "gp2"
              }
            ],
            "secondary_private_ips": [],
            "security_groups": [
              "sg-0b8e2ff8708189deb"
            ],
            "source_dest_check": true,
            "subnet_id": "subnet-045645620d6d2bc94",
            "tags": {
              "Name": "WebServer1"
            },
            "tenancy": "default",
            "timeouts": null,
            "user_data": "54fa5f09206ed2d640b983b13e975e24a70bae87",
            "user_data_base64": null,
            "volume_tags": null,
            "vpc_security_group_ids": [
              "sg-0b8e2ff8708189deb"
            ]
          },
          "sensitive_attributes": [],
          "private": "eyJlMmJmYjczMC1lY2FhLTExZTYtOGY4OC0zNDM2M2JjN2M0YzAiOnsiY3JlYXRlIjo2MDAwMDAwMDAwMDAsImRlbGV0ZSI6MTIwMDAwMDAwMDAwMCwidXBkYXRlIjo2MDAwMDAwMDAwMDB9LCJzY2hlbWFfdmVyc2lvbiI6IjEifQ==",
          "dependencies": [
            "aws_security_group.App_SG",
            "aws_subnet.my_app-subnet"
          ]
        }
      ]
    },
    {
      "mode": "managed",
      "type": "aws_internet_gateway",
      "name": "my_IG",
      "provider": "provider[\"registry.terraform.io/hashicorp/aws\"]",
      "instances": [
        {
          "schema_version": 0,
          "attributes": {
            "arn": "arn:aws:ec2:ap-south-1:014728856463:internet-gateway/igw-000a35d3ed3791e2c",
            "id": "igw-000a35d3ed3791e2c",
            "owner_id": "014728856463",
            "tags": {
              "Name": "MY_IGW"
            },
            "vpc_id": "vpc-0cff23a45cadfbd80"
          },
          "sensitive_attributes": [],
          "private": "bnVsbA==",
          "dependencies": [
            "aws_vpc.my_vpc"
          ]
        }
      ]
    },
    {
      "mode": "managed",
      "type": "aws_key_pair",
      "name": "App-Instance-Key",
      "provider": "provider[\"registry.terraform.io/hashicorp/aws\"]",
      "instances": [
        {
          "schema_version": 1,
          "attributes": {
            "arn": "arn:aws:ec2:ap-south-1:014728856463:key-pair/Web-key",
            "fingerprint": "f2:f8:29:df:c9:22:98:55:49:00:39:04:0d:8f:4e:12",
            "id": "Web-key",
            "key_name": "Web-key",
            "key_name_prefix": null,
            "key_pair_id": "key-020b46216f3b45b07",
            "public_key": "ssh-rsa AAAAB3NzaC1yc2EAAAADAQABAAABAQDNJv56fDgxhz5KU7HosEI0HrhnEOCP7+r1qFEUpON0+TQO0tVULP4AcI0SIkzq/hNioxubWNqcJkaw9OYQZmYxBnk0ahkWwq4GeBV4bdVdmjTZvi3r5yAqC1Qj04l5uWSzco2ki/yEZ0cvaJrfVrjCLwIAwYYj40W6Em5z6CCpCJcohLqIhi9Shok5NOLuxy7i6vgT8WvfTntVSa39A/AlsanoGhfrzMDQ23TLfrjH/Rzs9floQpooSrPrl4IPk6KUnCvpVRxPOFJ/1cSunGOmaGS7xHFXojrTmeIgGeiR3Uc1Il80yIZ04+N4tk4uA+m53cKTzqfNsP7LQ4ayBsy9",
            "tags": {}
          },
          "sensitive_attributes": [],
          "private": "eyJzY2hlbWFfdmVyc2lvbiI6IjEifQ==",
          "dependencies": [
            "tls_private_key.Web-Key"
          ]
        }
      ]
    },
    {
      "mode": "managed",
      "type": "aws_route",
      "name": "default_route",
      "provider": "provider[\"registry.terraform.io/hashicorp/aws\"]",
      "instances": [
        {
          "schema_version": 0,
          "attributes": {
            "destination_cidr_block": "0.0.0.0/0",
            "destination_ipv6_cidr_block": "",
            "destination_prefix_list_id": "",
            "egress_only_gateway_id": "",
            "gateway_id": "igw-000a35d3ed3791e2c",
            "id": "r-rtb-0399191b2bc879be31080289494",
            "instance_id": "",
            "instance_owner_id": "",
            "local_gateway_id": "",
            "nat_gateway_id": "",
            "network_interface_id": "",
            "origin": "CreateRoute",
            "route_table_id": "rtb-0399191b2bc879be3",
            "state": "active",
            "timeouts": null,
            "transit_gateway_id": "",
            "vpc_endpoint_id": null,
            "vpc_peering_connection_id": ""
          },
          "sensitive_attributes": [],
          "private": "eyJlMmJmYjczMC1lY2FhLTExZTYtOGY4OC0zNDM2M2JjN2M0YzAiOnsiY3JlYXRlIjoxMjAwMDAwMDAwMDAsImRlbGV0ZSI6MzAwMDAwMDAwMDAwfX0=",
          "dependencies": [
            "aws_internet_gateway.my_IG",
            "aws_route_table.my_route-table",
            "aws_vpc.my_vpc"
          ]
        }
      ]
    },
    {
      "mode": "managed",
      "type": "aws_route_table",
      "name": "my_route-table",
      "provider": "provider[\"registry.terraform.io/hashicorp/aws\"]",
      "instances": [
        {
          "schema_version": 0,
          "attributes": {
            "id": "rtb-0399191b2bc879be3",
            "owner_id": "014728856463",
            "propagating_vgws": [],
            "route": [
              {
                "cidr_block": "0.0.0.0/0",
                "egress_only_gateway_id": "",
                "gateway_id": "igw-000a35d3ed3791e2c",
                "instance_id": "",
                "ipv6_cidr_block": "",
                "local_gateway_id": "",
                "nat_gateway_id": "",
                "network_interface_id": "",
                "transit_gateway_id": "",
                "vpc_endpoint_id": "",
                "vpc_peering_connection_id": ""
              }
            ],
            "tags": {
              "Name": "MY_Route_table"
            },
            "vpc_id": "vpc-0cff23a45cadfbd80"
          },
          "sensitive_attributes": [],
          "private": "bnVsbA==",
          "dependencies": [
            "aws_vpc.my_vpc"
          ]
        }
      ]
    },
    {
      "mode": "managed",
      "type": "aws_route_table_association",
      "name": "App_Route_Association",
      "provider": "provider[\"registry.terraform.io/hashicorp/aws\"]",
      "instances": [
        {
          "schema_version": 0,
          "attributes": {
            "gateway_id": null,
            "id": "rtbassoc-03bb53912dfd553f5",
            "route_table_id": "rtb-0399191b2bc879be3",
            "subnet_id": "subnet-045645620d6d2bc94"
          },
          "sensitive_attributes": [],
          "private": "bnVsbA==",
          "dependencies": [
            "aws_route_table.my_route-table",
            "aws_subnet.my_app-subnet",
            "aws_vpc.my_vpc"
          ]
        }
      ]
    },
    {
      "mode": "managed",
      "type": "aws_s3_bucket",
      "name": "statichp21",
      "provider": "provider[\"registry.terraform.io/hashicorp/aws\"]",
      "instances": [
        {
          "schema_version": 0,
          "attributes": {
            "acceleration_status": "",
            "acl": "public-read-write",
            "arn": "arn:aws:s3:::statichp21",
            "bucket": "statichp21",
            "bucket_domain_name": "statichp21.s3.amazonaws.com",
            "bucket_prefix": null,
            "bucket_regional_domain_name": "statichp21.s3.ap-south-1.amazonaws.com",
            "cors_rule": [],
            "force_destroy": false,
            "grant": [],
            "hosted_zone_id": "Z11RGJOFQNVJUP",
            "id": "statichp21",
            "lifecycle_rule": [],
            "logging": [],
            "object_lock_configuration": [],
            "policy": null,
            "region": "ap-south-1",
            "replication_configuration": [],
            "request_payer": "BucketOwner",
            "server_side_encryption_configuration": [],
            "tags": {
              "Environment": "Prod",
              "Name": "statichp21"
            },
            "versioning": [
              {
                "enabled": true,
                "mfa_delete": false
              }
            ],
            "website": [],
            "website_domain": null,
            "website_endpoint": null
          },
          "sensitive_attributes": [],
          "private": "bnVsbA=="
        }
      ]
    },
    {
      "mode": "managed",
      "type": "aws_s3_bucket_object",
      "name": "Object1",
      "provider": "provider[\"registry.terraform.io/hashicorp/aws\"]",
      "instances": [
        {
          "schema_version": 0,
          "attributes": {
            "acl": "public-read-write",
            "bucket": "statichp21",
            "cache_control": "",
            "content": null,
            "content_base64": null,
            "content_disposition": "",
            "content_encoding": "",
            "content_language": "",
            "content_type": "binary/octet-stream",
            "etag": "dcf4eb25e8b7cc503296f7b6aa752096",
            "force_destroy": false,
            "id": "demo.PNG",
            "key": "demo.PNG",
            "kms_key_id": null,
            "metadata": null,
            "object_lock_legal_hold_status": "",
            "object_lock_mode": "",
            "object_lock_retain_until_date": "",
            "server_side_encryption": "",
            "source": "web-server-image/demo.PNG",
            "storage_class": "STANDARD",
            "tags": null,
            "version_id": "uCGd_9i6n9PjNt6.iZV8RYswiFY5uRUw",
            "website_redirect": ""
          },
          "sensitive_attributes": [],
          "private": "bnVsbA==",
          "dependencies": [
            "aws_s3_bucket.statichp21"
          ]
        }
      ]
    },
    {
      "mode": "managed",
      "type": "aws_s3_bucket_public_access_block",
      "name": "public_storage",
      "provider": "provider[\"registry.terraform.io/hashicorp/aws\"]",
      "instances": [
        {
          "schema_version": 0,
          "attributes": {
            "block_public_acls": false,
            "block_public_policy": false,
            "bucket": "statichp21",
            "id": "statichp21",
            "ignore_public_acls": false,
            "restrict_public_buckets": false
          },
          "sensitive_attributes": [],
          "private": "bnVsbA==",
          "dependencies": [
            "aws_s3_bucket.statichp21"
          ]
        }
      ]
    },
    {
      "mode": "managed",
      "type": "aws_security_group",
      "name": "App_SG",
      "provider": "provider[\"registry.terraform.io/hashicorp/aws\"]",
      "instances": [
        {
          "schema_version": 1,
          "attributes": {
            "arn": "arn:aws:ec2:ap-south-1:014728856463:security-group/sg-0b8e2ff8708189deb",
            "description": "Allow Web inbound traffic",
            "egress": [
              {
                "cidr_blocks": [
                  "0.0.0.0/0"
                ],
                "description": "",
                "from_port": 0,
                "ipv6_cidr_blocks": [],
                "prefix_list_ids": [],
                "protocol": "-1",
                "security_groups": [],
                "self": false,
                "to_port": 0
              }
            ],
            "id": "sg-0b8e2ff8708189deb",
            "ingress": [
              {
                "cidr_blocks": [
                  "0.0.0.0/0"
                ],
                "description": "",
                "from_port": 22,
                "ipv6_cidr_blocks": [],
                "prefix_list_ids": [],
                "protocol": "tcp",
                "security_groups": [],
                "self": false,
                "to_port": 22
              },
              {
                "cidr_blocks": [
                  "0.0.0.0/0"
                ],
                "description": "",
                "from_port": 80,
                "ipv6_cidr_blocks": [],
                "prefix_list_ids": [],
                "protocol": "tcp",
                "security_groups": [],
                "self": false,
                "to_port": 80
              }
            ],
            "name": "App_SG",
            "name_prefix": "",
            "owner_id": "014728856463",
            "revoke_rules_on_delete": false,
            "tags": {},
            "timeouts": null,
            "vpc_id": "vpc-0cff23a45cadfbd80"
          },
          "sensitive_attributes": [],
          "private": "eyJlMmJmYjczMC1lY2FhLTExZTYtOGY4OC0zNDM2M2JjN2M0YzAiOnsiY3JlYXRlIjo2MDAwMDAwMDAwMDAsImRlbGV0ZSI6NjAwMDAwMDAwMDAwfSwic2NoZW1hX3ZlcnNpb24iOiIxIn0=",
          "dependencies": [
            "aws_vpc.my_vpc"
          ]
        }
      ]
    },
    {
      "mode": "managed",
      "type": "aws_subnet",
      "name": "my_app-subnet",
      "provider": "provider[\"registry.terraform.io/hashicorp/aws\"]",
      "instances": [
        {
          "schema_version": 1,
          "attributes": {
            "arn": "arn:aws:ec2:ap-south-1:014728856463:subnet/subnet-045645620d6d2bc94",
            "assign_ipv6_address_on_creation": false,
            "availability_zone": "ap-south-1a",
            "availability_zone_id": "aps1-az1",
            "cidr_block": "10.0.1.0/24",
            "id": "subnet-045645620d6d2bc94",
            "ipv6_cidr_block": "",
            "ipv6_cidr_block_association_id": "",
            "map_public_ip_on_launch": true,
            "outpost_arn": "",
            "owner_id": "014728856463",
            "tags": {
              "Name": "APP_Subnet"
            },
            "timeouts": null,
            "vpc_id": "vpc-0cff23a45cadfbd80"
          },
          "sensitive_attributes": [],
          "private": "eyJlMmJmYjczMC1lY2FhLTExZTYtOGY4OC0zNDM2M2JjN2M0YzAiOnsiY3JlYXRlIjo2MDAwMDAwMDAwMDAsImRlbGV0ZSI6MTIwMDAwMDAwMDAwMH0sInNjaGVtYV92ZXJzaW9uIjoiMSJ9",
          "dependencies": [
            "aws_vpc.my_vpc"
          ]
        }
      ]
    },
    {
      "mode": "managed",
      "type": "aws_vpc",
      "name": "my_vpc",
      "provider": "provider[\"registry.terraform.io/hashicorp/aws\"]",
      "instances": [
        {
          "schema_version": 1,
          "attributes": {
            "arn": "arn:aws:ec2:ap-south-1:014728856463:vpc/vpc-0cff23a45cadfbd80",
            "assign_generated_ipv6_cidr_block": false,
            "cidr_block": "10.0.0.0/16",
            "default_network_acl_id": "acl-0b728c964d067400a",
            "default_route_table_id": "rtb-02baf59f627bb63d3",
            "default_security_group_id": "sg-07ce288c3c49b28f6",
            "dhcp_options_id": "dopt-3b7fb750",
            "enable_classiclink": null,
            "enable_classiclink_dns_support": null,
            "enable_dns_hostnames": false,
            "enable_dns_support": true,
            "id": "vpc-0cff23a45cadfbd80",
            "instance_tenancy": "default",
            "ipv6_association_id": "",
            "ipv6_cidr_block": "",
            "main_route_table_id": "rtb-02baf59f627bb63d3",
            "owner_id": "014728856463",
            "tags": {
              "Name": "MY_VPC"
            }
          },
          "sensitive_attributes": [],
          "private": "eyJzY2hlbWFfdmVyc2lvbiI6IjEifQ=="
        }
      ]
    },
    {
      "mode": "managed",
      "type": "local_file",
      "name": "Web-Key",
      "provider": "provider[\"registry.terraform.io/hashicorp/local\"]",
      "instances": [
        {
          "schema_version": 0,
          "attributes": {
            "content": "-----BEGIN RSA PRIVATE KEY-----\nMIIEogIBAAKCAQEAzSb+enw4MYc+SlOx6LBCNB64ZxDgj+/q9ahRFKTjdPk0DtLV\nVCz+AHCNEiJM6v4TYqMbm1janCZGsPTmEGZmMQZ5NGoZFsKuBngVeG3VXZo02b4t\n6+cgKgtUI9OJeblks3KNpIv8hGdHL2ia31a4wi8CAMGGI+NFuhJuc+ggqQiXKIS6\niIYvUoaJOTTi7scu4ur4E/Fr3057VUmt/QPwJbGp6BoX68zA0Nt0y364x/0c7PX5\naEKaKEqz65eCD5OilJwr6VUcTzhSf9XErpxjpmhku8RxV6I605niIBnokd1HNSJf\nNMiGdOPjeLZOLgPpud3Ck86nzbD+y0OGsgbMvQIDAQABAoIBAQCC6D38NKW63Pzf\netaMj2Q/U9cBVWCmGEbKqLPMQ4cszhPs3ZXo16jg6PDrwF1qmeQOzdvA3grpFveG\n1U606lKNN/9Bde46etGHKTsyFIvQ5aSRyOwOmvYIPiBbmBEiTi224AMIG5dveWOQ\nGeSxXOoaZtqVVufcoJqOqFI4vceRc9dMj5KXR7t+UzG+1tCr+ElNo6WqweorIMCP\nIQBI29DKl8KYdsY7DBLiB/n49qt8HBPDO6dSjmJj3wkonK4DOFO1SzU27OGQsFfA\nfPvPa/4rJ1iqtpSDFvc1Npc1GL6wVREhnMLYabE4mPdSl/HKpgMfaiZUUqw33grz\nZy60ssRBAoGBANJUPRED0T7yiYWJii/ZOxUUK9JTajG+Ay4ouq7Ee22HrKB4Z9QF\nTySrDcrVPiCrywyw1ZUYq09c4zA4a/e/C1Uf6kcTZXDKWx+nCvo1Q2cQ8yYIjPRP\nbUhCAC7vYLKbKp8ViZhgqqv4orc+zYCFBSq98NVOfuWit6pmYDuswxORAoGBAPmy\n/ckZyNwvfRi7bElYxN78RHAPVyw9ZiP7fxpKnzxegrf7DYDzzaaKoihUtHlDwAGV\nfMURZBjusWCy2LxGExrG+3K6VuCjkIXLuvCx5nv5TGcPPdXMLOCee0ROI136738l\ns2DgyPq9CEwaq0wOQpflGjjmhK0ysRPKN9zQU/htAoGBAIE9PeDMpbC2O4aQgxbv\ntnw3Ts4Ib4JtLWsZn8xv8x/UdGCOW85ODNmNOgZejbRpm3UK29Knu+wiOX+Ry9YJ\n0B7YY46U/ooV7XQ/omEohWg5ZA8ExggBHjd+RrqQYKye58uk4k19aKIPP3y13HSS\nSCCBYhDQEO1t1Mmh6pQAjkXhAn9pVxm5vSb/vQkJZghI6Sok6Ef2/oHIKB7vDyqP\n7OtAjJ6Y/1CzFiesGtBOM23vuqVGBcqdWLjhy9EI+mp1AxsMMOXjgLkmC9rslwZG\nhMa3hnS1BbkQeRJ1sGZQaqaA/1wKR91lAW/IV/coJBgf/eQaMIzfdGCEsN4De0wV\n282RAoGAeO8HRbVMtVmVH3WMydtuorVEQRN4MsvqNdtQBxW/YS8mUCaatqmGzg3W\n414yNs0+5gImpdKgwLv/eV55ws81sv0EfaIq4FvWCJADMTdfv78Xx7I83/xTY1yd\nprXQ1Igfn1/nuTtyQifOFUnA/ixLKo+YYQs0pAXTkR/hkThdLOc=\n-----END RSA PRIVATE KEY-----\n",
            "content_base64": null,
            "directory_permission": "0777",
            "file_permission": "0777",
            "filename": "Web-Key.pem",
            "id": "b1d7e7d5c6c2cea6145479489a17e050c48b8982",
            "sensitive_content": null,
            "source": null
          },
          "sensitive_attributes": [],
          "private": "bnVsbA==",
          "dependencies": [
            "tls_private_key.Web-Key"
          ]
        }
      ]
    },
    {
      "mode": "managed",
      "type": "null_resource",
      "name": "Write_Image",
      "provider": "provider[\"registry.terraform.io/hashicorp/null\"]",
      "instances": [
        {
          "status": "tainted",
          "schema_version": 0,
          "attributes": {
            "id": "5186966052591077279",
            "triggers": null
          },
          "sensitive_attributes": [],
          "private": "bnVsbA==",
          "dependencies": [
            "aws_cloudfront_distribution.tera-cloufront1",
            "aws_instance.Web",
            "aws_s3_bucket.statichp21",
            "aws_s3_bucket_object.Object1",
            "aws_security_group.App_SG",
            "aws_subnet.my_app-subnet",
            "tls_private_key.Web-Key"
          ]
        }
      ]
    },
    {
      "mode": "managed",
      "type": "null_resource",
      "name": "running_the_website",
      "provider": "provider[\"registry.terraform.io/hashicorp/null\"]",
      "instances": []
    },
    {
      "mode": "managed",
      "type": "tls_private_key",
      "name": "Web-Key",
      "provider": "provider[\"registry.terraform.io/hashicorp/tls\"]",
      "instances": [
        {
          "schema_version": 0,
          "attributes": {
            "algorithm": "RSA",
            "ecdsa_curve": "P224",
            "id": "3bfcbf5cd4fdd3124daa53dae46df2d771eeb78b",
            "private_key_pem": "-----BEGIN RSA PRIVATE KEY-----\nMIIEogIBAAKCAQEAzSb+enw4MYc+SlOx6LBCNB64ZxDgj+/q9ahRFKTjdPk0DtLV\nVCz+AHCNEiJM6v4TYqMbm1janCZGsPTmEGZmMQZ5NGoZFsKuBngVeG3VXZo02b4t\n6+cgKgtUI9OJeblks3KNpIv8hGdHL2ia31a4wi8CAMGGI+NFuhJuc+ggqQiXKIS6\niIYvUoaJOTTi7scu4ur4E/Fr3057VUmt/QPwJbGp6BoX68zA0Nt0y364x/0c7PX5\naEKaKEqz65eCD5OilJwr6VUcTzhSf9XErpxjpmhku8RxV6I605niIBnokd1HNSJf\nNMiGdOPjeLZOLgPpud3Ck86nzbD+y0OGsgbMvQIDAQABAoIBAQCC6D38NKW63Pzf\netaMj2Q/U9cBVWCmGEbKqLPMQ4cszhPs3ZXo16jg6PDrwF1qmeQOzdvA3grpFveG\n1U606lKNN/9Bde46etGHKTsyFIvQ5aSRyOwOmvYIPiBbmBEiTi224AMIG5dveWOQ\nGeSxXOoaZtqVVufcoJqOqFI4vceRc9dMj5KXR7t+UzG+1tCr+ElNo6WqweorIMCP\nIQBI29DKl8KYdsY7DBLiB/n49qt8HBPDO6dSjmJj3wkonK4DOFO1SzU27OGQsFfA\nfPvPa/4rJ1iqtpSDFvc1Npc1GL6wVREhnMLYabE4mPdSl/HKpgMfaiZUUqw33grz\nZy60ssRBAoGBANJUPRED0T7yiYWJii/ZOxUUK9JTajG+Ay4ouq7Ee22HrKB4Z9QF\nTySrDcrVPiCrywyw1ZUYq09c4zA4a/e/C1Uf6kcTZXDKWx+nCvo1Q2cQ8yYIjPRP\nbUhCAC7vYLKbKp8ViZhgqqv4orc+zYCFBSq98NVOfuWit6pmYDuswxORAoGBAPmy\n/ckZyNwvfRi7bElYxN78RHAPVyw9ZiP7fxpKnzxegrf7DYDzzaaKoihUtHlDwAGV\nfMURZBjusWCy2LxGExrG+3K6VuCjkIXLuvCx5nv5TGcPPdXMLOCee0ROI136738l\ns2DgyPq9CEwaq0wOQpflGjjmhK0ysRPKN9zQU/htAoGBAIE9PeDMpbC2O4aQgxbv\ntnw3Ts4Ib4JtLWsZn8xv8x/UdGCOW85ODNmNOgZejbRpm3UK29Knu+wiOX+Ry9YJ\n0B7YY46U/ooV7XQ/omEohWg5ZA8ExggBHjd+RrqQYKye58uk4k19aKIPP3y13HSS\nSCCBYhDQEO1t1Mmh6pQAjkXhAn9pVxm5vSb/vQkJZghI6Sok6Ef2/oHIKB7vDyqP\n7OtAjJ6Y/1CzFiesGtBOM23vuqVGBcqdWLjhy9EI+mp1AxsMMOXjgLkmC9rslwZG\nhMa3hnS1BbkQeRJ1sGZQaqaA/1wKR91lAW/IV/coJBgf/eQaMIzfdGCEsN4De0wV\n282RAoGAeO8HRbVMtVmVH3WMydtuorVEQRN4MsvqNdtQBxW/YS8mUCaatqmGzg3W\n414yNs0+5gImpdKgwLv/eV55ws81sv0EfaIq4FvWCJADMTdfv78Xx7I83/xTY1yd\nprXQ1Igfn1/nuTtyQifOFUnA/ixLKo+YYQs0pAXTkR/hkThdLOc=\n-----END RSA PRIVATE KEY-----\n",
            "public_key_fingerprint_md5": "97:31:7c:76:72:bf:4a:e3:75:df:0a:ae:ba:29:98:25",
            "public_key_openssh": "ssh-rsa AAAAB3NzaC1yc2EAAAADAQABAAABAQDNJv56fDgxhz5KU7HosEI0HrhnEOCP7+r1qFEUpON0+TQO0tVULP4AcI0SIkzq/hNioxubWNqcJkaw9OYQZmYxBnk0ahkWwq4GeBV4bdVdmjTZvi3r5yAqC1Qj04l5uWSzco2ki/yEZ0cvaJrfVrjCLwIAwYYj40W6Em5z6CCpCJcohLqIhi9Shok5NOLuxy7i6vgT8WvfTntVSa39A/AlsanoGhfrzMDQ23TLfrjH/Rzs9floQpooSrPrl4IPk6KUnCvpVRxPOFJ/1cSunGOmaGS7xHFXojrTmeIgGeiR3Uc1Il80yIZ04+N4tk4uA+m53cKTzqfNsP7LQ4ayBsy9\n",
            "public_key_pem": "-----BEGIN PUBLIC KEY-----\nMIIBIjANBgkqhkiG9w0BAQEFAAOCAQ8AMIIBCgKCAQEAzSb+enw4MYc+SlOx6LBC\nNB64ZxDgj+/q9ahRFKTjdPk0DtLVVCz+AHCNEiJM6v4TYqMbm1janCZGsPTmEGZm\nMQZ5NGoZFsKuBngVeG3VXZo02b4t6+cgKgtUI9OJeblks3KNpIv8hGdHL2ia31a4\nwi8CAMGGI+NFuhJuc+ggqQiXKIS6iIYvUoaJOTTi7scu4ur4E/Fr3057VUmt/QPw\nJbGp6BoX68zA0Nt0y364x/0c7PX5aEKaKEqz65eCD5OilJwr6VUcTzhSf9XErpxj\npmhku8RxV6I605niIBnokd1HNSJfNMiGdOPjeLZOLgPpud3Ck86nzbD+y0OGsgbM\nvQIDAQAB\n-----END PUBLIC KEY-----\n",
            "rsa_bits": 2048
          },
          "sensitive_attributes": [],
          "private": "bnVsbA=="
        }
      ]
    }
  ]
}
