{
  "version": 4,
  "terraform_version": "0.14.4",
  "serial": 15,
  "lineage": "63f1daff-bfd7-20b7-1b3b-6fe6fb9c3614",
  "outputs": {
    "name_server": {
      "value": [
        "ns-1168.awsdns-18.org",
        "ns-1650.awsdns-14.co.uk",
        "ns-369.awsdns-46.com",
        "ns-668.awsdns-19.net"
      ],
      "type": [
        "list",
        "string"
      ]
    },
    "public_ip": {
      "value": "13.235.134.29",
      "type": "string"
    }
  },
  "resources": [
    {
      "mode": "managed",
      "type": "aws_eip",
      "name": "eip",
      "provider": "provider[\"registry.terraform.io/hashicorp/aws\"]",
      "instances": [
        {
          "schema_version": 0,
          "attributes": {
            "allocation_id": null,
            "associate_with_private_ip": null,
            "association_id": "eipassoc-042cf498475d58578",
            "carrier_ip": "",
            "customer_owned_ip": "",
            "customer_owned_ipv4_pool": "",
            "domain": "vpc",
            "id": "eipalloc-04b225fd549b7d7be",
            "instance": "i-04a66a09b840dd9d8",
            "network_border_group": "ap-south-1",
            "network_interface": "eni-0f2e2b1b4094618ee",
            "private_dns": "ip-10-0-1-91.ap-south-1.compute.internal",
            "private_ip": "10.0.1.91",
            "public_dns": "ec2-13-232-232-251.ap-south-1.compute.amazonaws.com",
            "public_ip": "13.232.232.251",
            "public_ipv4_pool": "amazon",
            "tags": null,
            "timeouts": null,
            "vpc": true
          },
          "sensitive_attributes": [],
          "private": "eyJlMmJmYjczMC1lY2FhLTExZTYtOGY4OC0zNDM2M2JjN2M0YzAiOnsiZGVsZXRlIjoxODAwMDAwMDAwMDAsInJlYWQiOjkwMDAwMDAwMDAwMCwidXBkYXRlIjozMDAwMDAwMDAwMDB9fQ==",
          "dependencies": [
            "aws_instance.IP_example",
            "aws_security_group.App_SG",
            "aws_subnet.my_app-subnet",
            "aws_vpc.my_vpc"
          ]
        }
      ]
    },
    {
      "mode": "managed",
      "type": "aws_instance",
      "name": "IP_example",
      "provider": "provider[\"registry.terraform.io/hashicorp/aws\"]",
      "instances": [
        {
          "schema_version": 1,
          "attributes": {
            "ami": "ami-0a4a70bd98c6d6441",
            "arn": "arn:aws:ec2:ap-south-1:014728856463:instance/i-04a66a09b840dd9d8",
            "associate_public_ip_address": true,
            "availability_zone": "ap-south-1a",
            "cpu_core_count": 1,
            "cpu_threads_per_core": 1,
            "credit_specification": [
              {
                "cpu_credits": "standard"
              }
            ],
            "disable_api_termination": false,
            "ebs_block_device": [],
            "ebs_optimized": false,
            "enclave_options": [
              {
                "enabled": false
              }
            ],
            "ephemeral_block_device": [],
            "get_password_data": false,
            "hibernation": false,
            "host_id": null,
            "iam_instance_profile": "",
            "id": "i-04a66a09b840dd9d8",
            "instance_initiated_shutdown_behavior": null,
            "instance_state": "running",
            "instance_type": "t2.micro",
            "ipv6_address_count": 0,
            "ipv6_addresses": [],
            "key_name": "Web-key",
            "metadata_options": [
              {
                "http_endpoint": "enabled",
                "http_put_response_hop_limit": 1,
                "http_tokens": "optional"
              }
            ],
            "monitoring": false,
            "network_interface": [],
            "outpost_arn": "",
            "password_data": "",
            "placement_group": "",
            "primary_network_interface_id": "eni-0f2e2b1b4094618ee",
            "private_dns": "ip-10-0-1-91.ap-south-1.compute.internal",
            "private_ip": "10.0.1.91",
            "public_dns": "",
            "public_ip": "13.235.134.29",
            "root_block_device": [
              {
                "delete_on_termination": true,
                "device_name": "/dev/sda1",
                "encrypted": false,
                "iops": 100,
                "kms_key_id": "",
                "tags": {},
                "throughput": 0,
                "volume_id": "vol-0efebc561826ea668",
                "volume_size": 8,
                "volume_type": "gp2"
              }
            ],
            "secondary_private_ips": [],
            "security_groups": [
              "sg-0b6e2f6557be0d74a"
            ],
            "source_dest_check": true,
            "subnet_id": "subnet-02723d36eee51831f",
            "tags": {
              "Name": "WebServer1"
            },
            "tenancy": "default",
            "timeouts": null,
            "user_data": "854e4f134ad800000f5c196b179826bc92d67ed2",
            "user_data_base64": null,
            "volume_tags": null,
            "vpc_security_group_ids": [
              "sg-0b6e2f6557be0d74a"
            ]
          },
          "sensitive_attributes": [],
          "private": "eyJlMmJmYjczMC1lY2FhLTExZTYtOGY4OC0zNDM2M2JjN2M0YzAiOnsiY3JlYXRlIjo2MDAwMDAwMDAwMDAsImRlbGV0ZSI6MTIwMDAwMDAwMDAwMCwidXBkYXRlIjo2MDAwMDAwMDAwMDB9LCJzY2hlbWFfdmVyc2lvbiI6IjEifQ==",
          "dependencies": [
            "aws_security_group.App_SG",
            "aws_subnet.my_app-subnet",
            "aws_vpc.my_vpc"
          ]
        }
      ]
    },
    {
      "mode": "managed",
      "type": "aws_internet_gateway",
      "name": "my_IG",
      "provider": "provider[\"registry.terraform.io/hashicorp/aws\"]",
      "instances": [
        {
          "schema_version": 0,
          "attributes": {
            "arn": "arn:aws:ec2:ap-south-1:014728856463:internet-gateway/igw-05cc9654c7cf542f3",
            "id": "igw-05cc9654c7cf542f3",
            "owner_id": "014728856463",
            "tags": {
              "Name": "MY_IGW"
            },
            "vpc_id": "vpc-020e0de37b4075471"
          },
          "sensitive_attributes": [],
          "private": "bnVsbA==",
          "dependencies": [
            "aws_vpc.my_vpc"
          ]
        }
      ]
    },
    {
      "mode": "managed",
      "type": "aws_key_pair",
      "name": "App-Instance-Key",
      "provider": "provider[\"registry.terraform.io/hashicorp/aws\"]",
      "instances": [
        {
          "schema_version": 1,
          "attributes": {
            "arn": "arn:aws:ec2:ap-south-1:014728856463:key-pair/Web-key",
            "fingerprint": "e2:f3:dd:f6:94:60:c8:91:1d:8a:82:95:0f:4a:bc:48",
            "id": "Web-key",
            "key_name": "Web-key",
            "key_name_prefix": null,
            "key_pair_id": "key-029c53864e5d7c304",
            "public_key": "ssh-rsa AAAAB3NzaC1yc2EAAAADAQABAAABAQDBf2nO44UOp1+Mkn88k7BIhm0y6CdwP4fh+tZ78NmSKRusuO/LQcGqcxnouXp+sDwfIcAd23RN1z5+yyD4Kk98/jUXAztv7Mb9OS1qiAA+FcE5FhZ70eV9DE0xYqQoKu5hKkdqpu0E/vZ1vReCgPV8KSrduPDnluKKbIKpj6NVsSUsja+RcSPw7m6N1c6eAhotsLcjJdxYrFQ+9PYf+ZoIQ495vbHL5GLz060YV5o/djkBg1bNyojbq9l6Z45i8RqJ5KlxLQwbnYOWwkFBtigWBiDHj4NuuNKFojgT2zfet68tFejYOZGVND5PBSEbLfX5LDceCoa+mU4zgX+VtOQr",
            "tags": null
          },
          "sensitive_attributes": [],
          "private": "eyJzY2hlbWFfdmVyc2lvbiI6IjEifQ==",
          "dependencies": [
            "tls_private_key.Web-Key"
          ]
        }
      ]
    },
    {
      "mode": "managed",
      "type": "aws_route",
      "name": "default_route",
      "provider": "provider[\"registry.terraform.io/hashicorp/aws\"]",
      "instances": [
        {
          "schema_version": 0,
          "attributes": {
            "destination_cidr_block": "0.0.0.0/0",
            "destination_ipv6_cidr_block": "",
            "destination_prefix_list_id": "",
            "egress_only_gateway_id": "",
            "gateway_id": "igw-05cc9654c7cf542f3",
            "id": "r-rtb-067a050e2877f4b711080289494",
            "instance_id": "",
            "instance_owner_id": "",
            "local_gateway_id": "",
            "nat_gateway_id": "",
            "network_interface_id": "",
            "origin": "CreateRoute",
            "route_table_id": "rtb-067a050e2877f4b71",
            "state": "active",
            "timeouts": null,
            "transit_gateway_id": "",
            "vpc_endpoint_id": null,
            "vpc_peering_connection_id": ""
          },
          "sensitive_attributes": [],
          "private": "eyJlMmJmYjczMC1lY2FhLTExZTYtOGY4OC0zNDM2M2JjN2M0YzAiOnsiY3JlYXRlIjoxMjAwMDAwMDAwMDAsImRlbGV0ZSI6MzAwMDAwMDAwMDAwfX0=",
          "dependencies": [
            "aws_internet_gateway.my_IG",
            "aws_route_table.my_route-table",
            "aws_vpc.my_vpc"
          ]
        }
      ]
    },
    {
      "mode": "managed",
      "type": "aws_route53_record",
      "name": "www",
      "provider": "provider[\"registry.terraform.io/hashicorp/aws\"]",
      "instances": [
        {
          "schema_version": 2,
          "attributes": {
            "alias": [],
            "allow_overwrite": null,
            "failover_routing_policy": [],
            "fqdn": "www.easyaws.in",
            "geolocation_routing_policy": [],
            "health_check_id": null,
            "id": "Z099765013WMBKJ2JZGUG_www.easyaws.in_A",
            "latency_routing_policy": [],
            "multivalue_answer_routing_policy": null,
            "name": "www.easyaws.in",
            "records": [
              "13.232.232.251"
            ],
            "set_identifier": null,
            "ttl": 300,
            "type": "A",
            "weighted_routing_policy": [],
            "zone_id": "Z099765013WMBKJ2JZGUG"
          },
          "sensitive_attributes": [],
          "private": "eyJzY2hlbWFfdmVyc2lvbiI6IjIifQ==",
          "dependencies": [
            "aws_eip.eip",
            "aws_instance.IP_example",
            "aws_route53_zone.easy_aws",
            "aws_security_group.App_SG",
            "aws_subnet.my_app-subnet",
            "aws_vpc.my_vpc"
          ]
        }
      ]
    },
    {
      "mode": "managed",
      "type": "aws_route53_zone",
      "name": "easy_aws",
      "provider": "provider[\"registry.terraform.io/hashicorp/aws\"]",
      "instances": [
        {
          "schema_version": 0,
          "attributes": {
            "comment": "Managed by Terraform",
            "delegation_set_id": "",
            "force_destroy": false,
            "id": "Z099765013WMBKJ2JZGUG",
            "name": "easyaws.in",
            "name_servers": [
              "ns-1168.awsdns-18.org",
              "ns-1650.awsdns-14.co.uk",
              "ns-369.awsdns-46.com",
              "ns-668.awsdns-19.net"
            ],
            "tags": {
              "Environment": "dev"
            },
            "vpc": [],
            "zone_id": "Z099765013WMBKJ2JZGUG"
          },
          "sensitive_attributes": [],
          "private": "bnVsbA=="
        }
      ]
    },
    {
      "mode": "managed",
      "type": "aws_route_table",
      "name": "my_route-table",
      "provider": "provider[\"registry.terraform.io/hashicorp/aws\"]",
      "instances": [
        {
          "schema_version": 0,
          "attributes": {
            "id": "rtb-067a050e2877f4b71",
            "owner_id": "014728856463",
            "propagating_vgws": [],
            "route": [],
            "tags": {
              "Name": "MY_Route_table"
            },
            "vpc_id": "vpc-020e0de37b4075471"
          },
          "sensitive_attributes": [],
          "private": "bnVsbA==",
          "dependencies": [
            "aws_vpc.my_vpc"
          ]
        }
      ]
    },
    {
      "mode": "managed",
      "type": "aws_route_table_association",
      "name": "App_Route_Association",
      "provider": "provider[\"registry.terraform.io/hashicorp/aws\"]",
      "instances": [
        {
          "schema_version": 0,
          "attributes": {
            "gateway_id": null,
            "id": "rtbassoc-0c467cfdb7733b52b",
            "route_table_id": "rtb-067a050e2877f4b71",
            "subnet_id": "subnet-02723d36eee51831f"
          },
          "sensitive_attributes": [],
          "private": "bnVsbA==",
          "dependencies": [
            "aws_route_table.my_route-table",
            "aws_subnet.my_app-subnet",
            "aws_vpc.my_vpc"
          ]
        }
      ]
    },
    {
      "mode": "managed",
      "type": "aws_security_group",
      "name": "App_SG",
      "provider": "provider[\"registry.terraform.io/hashicorp/aws\"]",
      "instances": [
        {
          "schema_version": 1,
          "attributes": {
            "arn": "arn:aws:ec2:ap-south-1:014728856463:security-group/sg-0b6e2f6557be0d74a",
            "description": "Allow Web inbound traffic",
            "egress": [
              {
                "cidr_blocks": [
                  "0.0.0.0/0"
                ],
                "description": "",
                "from_port": 0,
                "ipv6_cidr_blocks": [],
                "prefix_list_ids": [],
                "protocol": "-1",
                "security_groups": [],
                "self": false,
                "to_port": 0
              }
            ],
            "id": "sg-0b6e2f6557be0d74a",
            "ingress": [
              {
                "cidr_blocks": [
                  "0.0.0.0/0"
                ],
                "description": "",
                "from_port": 22,
                "ipv6_cidr_blocks": [],
                "prefix_list_ids": [],
                "protocol": "tcp",
                "security_groups": [],
                "self": false,
                "to_port": 22
              },
              {
                "cidr_blocks": [
                  "0.0.0.0/0"
                ],
                "description": "",
                "from_port": 80,
                "ipv6_cidr_blocks": [],
                "prefix_list_ids": [],
                "protocol": "tcp",
                "security_groups": [],
                "self": false,
                "to_port": 80
              }
            ],
            "name": "App_SG",
            "name_prefix": "",
            "owner_id": "014728856463",
            "revoke_rules_on_delete": false,
            "tags": null,
            "timeouts": null,
            "vpc_id": "vpc-020e0de37b4075471"
          },
          "sensitive_attributes": [],
          "private": "eyJlMmJmYjczMC1lY2FhLTExZTYtOGY4OC0zNDM2M2JjN2M0YzAiOnsiY3JlYXRlIjo2MDAwMDAwMDAwMDAsImRlbGV0ZSI6NjAwMDAwMDAwMDAwfSwic2NoZW1hX3ZlcnNpb24iOiIxIn0=",
          "dependencies": [
            "aws_vpc.my_vpc"
          ]
        }
      ]
    },
    {
      "mode": "managed",
      "type": "aws_subnet",
      "name": "my_app-subnet",
      "provider": "provider[\"registry.terraform.io/hashicorp/aws\"]",
      "instances": [
        {
          "schema_version": 1,
          "attributes": {
            "arn": "arn:aws:ec2:ap-south-1:014728856463:subnet/subnet-02723d36eee51831f",
            "assign_ipv6_address_on_creation": false,
            "availability_zone": "ap-south-1a",
            "availability_zone_id": "aps1-az1",
            "cidr_block": "10.0.1.0/24",
            "id": "subnet-02723d36eee51831f",
            "ipv6_cidr_block": "",
            "ipv6_cidr_block_association_id": "",
            "map_public_ip_on_launch": true,
            "outpost_arn": "",
            "owner_id": "014728856463",
            "tags": {
              "Name": "APP_Subnet"
            },
            "timeouts": null,
            "vpc_id": "vpc-020e0de37b4075471"
          },
          "sensitive_attributes": [],
          "private": "eyJlMmJmYjczMC1lY2FhLTExZTYtOGY4OC0zNDM2M2JjN2M0YzAiOnsiY3JlYXRlIjo2MDAwMDAwMDAwMDAsImRlbGV0ZSI6MTIwMDAwMDAwMDAwMH0sInNjaGVtYV92ZXJzaW9uIjoiMSJ9",
          "dependencies": [
            "aws_vpc.my_vpc"
          ]
        }
      ]
    },
    {
      "mode": "managed",
      "type": "aws_vpc",
      "name": "my_vpc",
      "provider": "provider[\"registry.terraform.io/hashicorp/aws\"]",
      "instances": [
        {
          "schema_version": 1,
          "attributes": {
            "arn": "arn:aws:ec2:ap-south-1:014728856463:vpc/vpc-020e0de37b4075471",
            "assign_generated_ipv6_cidr_block": false,
            "cidr_block": "10.0.0.0/16",
            "default_network_acl_id": "acl-07111673a711edfc3",
            "default_route_table_id": "rtb-0e0fe4153e6315dd8",
            "default_security_group_id": "sg-0bc37c301428d5188",
            "dhcp_options_id": "dopt-3b7fb750",
            "enable_classiclink": null,
            "enable_classiclink_dns_support": null,
            "enable_dns_hostnames": false,
            "enable_dns_support": true,
            "id": "vpc-020e0de37b4075471",
            "instance_tenancy": "default",
            "ipv6_association_id": "",
            "ipv6_cidr_block": "",
            "main_route_table_id": "rtb-0e0fe4153e6315dd8",
            "owner_id": "014728856463",
            "tags": {
              "Name": "MY_VPC"
            }
          },
          "sensitive_attributes": [],
          "private": "eyJzY2hlbWFfdmVyc2lvbiI6IjEifQ=="
        }
      ]
    },
    {
      "mode": "managed",
      "type": "local_file",
      "name": "Web-Key",
      "provider": "provider[\"registry.terraform.io/hashicorp/local\"]",
      "instances": [
        {
          "schema_version": 0,
          "attributes": {
            "content": "-----BEGIN RSA PRIVATE KEY-----\nMIIEpAIBAAKCAQEAwX9pzuOFDqdfjJJ/PJOwSIZtMugncD+H4frWe/DZkikbrLjv\ny0HBqnMZ6Ll6frA8HyHAHdt0Tdc+fssg+CpPfP41FwM7b+zG/TktaogAPhXBORYW\ne9HlfQxNMWKkKCruYSpHaqbtBP72db0XgoD1fCkq3bjw55biimyCqY+jVbElLI2v\nkXEj8O5ujdXOngIaLbC3IyXcWKxUPvT2H/maCEOPeb2xy+Ri89OtGFeaP3Y5AYNW\nzcqI26vZemeOYvEaieSpcS0MG52DlsJBQbYoFgYgx4+DbrjShaI4E9s33revLRXo\n2DmRlTQ+TwUhGy31+Sw3HgqGvplOM4F/lbTkKwIDAQABAoIBAF152/eiWikWGkai\nju0Iu+SNbDtng4Xqaw50SyFc3P6K9V+fh9g9T/2z1RRkZhTFtoWjnFfQKINiNEK0\nhpzcc8ICXEtduFz9mbPC53nLcbKMd+fID9yJLcAXLUNqT7tH4hj2f8G6Gk6LjSyb\nyLu26OCuUpMCQP7gGVidyxF23oUKUeElClnpUKlFijOOIfGdv/ZZrwVWcy9CKHtE\ngCsYnzsrXb81rFB/JSJpwfZtuOHmVsSCPUUkSRqky91W/IKE5Ct4DefiuP5XRFo0\nKMSNAaVhShmvHeCbdjj2vLBrFI5NMRbYKx3GHg0wX/DAmyA4HDPo3BHxPS64ZkVc\nK/VuFWECgYEAwr1HTVoS+yuctnniwGSYre44TdgUF3LO1ZEvtpV3NT/oCeb2n2Ix\n68Gt/h6xXpCda68aQNKGKgIjhBIIgZ4VB242cnKu6tm/ILSh6feC+bhNuhT2Opd8\nBv4F+oDI2kK6QBLEX2E3J9zTuiv74pNTfsVa5+xv6CN9c2nM5yO8Po0CgYEA/l4k\nO5s/aXgxs/5n5quFzsxYkvWz3wzUFb6UzU55H+RxcX/cfL3DPSBd/aIpjc58Oqcc\nQVv+jgPzugLzbXbeJ72PBkCx7/T8WNhKK20Vmev57wCJgR73AcQ/NPIRIPQtTrn9\nKztsJVGqkvDubq8HGLGwxZTKl5637+Ti/3qnu5cCgYAFMa85LPHcqSkg5NdbclNw\nMC5oRR8kEPfbUmgHYq0vSmkR+osRbTkPpLbTVFY+w3SvbpgwqmzRqgTwfNqlOmYt\nMI9bNhvcP7qNUMQQzX080+Ge2PhIT8oLFbNrHww8ZhM5qkZ6lMk30vgCuzGYtX1A\noFrwXKoPcwLhlSzV7WoT8QKBgQDU+E9P1Ljv/mFm+W9Ws29x6KeUS8GQ0/XSSuHd\nT4GcUTEmPU6G5n7L9Aid7iLqhuJ+XSIMGxDzKJ3stMHJeceg8FYKfyo75RtO67CV\n0VxPpkJ5eDKoeBuJUB03oCD1PVud2Zz9kGAIkurE4pJO+55ub3+4vc4tygbpBPOF\nwdUj+wKBgQCqI14HGZaClBjESPBuMpxUrJie7QZtTLDDMk+czLij8amDMcJNW6p+\nMnOKYX/ZOeCg3dSSXnLDL0OQtuhV9007MUJ7I4Dopwxxvxb7f8oDicieKZEBD9u5\n3XhstbOqqbuQr5d7Hr+o3HD1/Uf6GbD07F20leKD/uBSyNoatdMukg==\n-----END RSA PRIVATE KEY-----\n",
            "content_base64": null,
            "directory_permission": "0777",
            "file_permission": "0777",
            "filename": "Web-Key.pem",
            "id": "e158965a1827ec86c49c0e49986828c11fdae2a5",
            "sensitive_content": null,
            "source": null
          },
          "sensitive_attributes": [],
          "private": "bnVsbA==",
          "dependencies": [
            "tls_private_key.Web-Key"
          ]
        }
      ]
    },
    {
      "mode": "managed",
      "type": "tls_private_key",
      "name": "Web-Key",
      "provider": "provider[\"registry.terraform.io/hashicorp/tls\"]",
      "instances": [
        {
          "schema_version": 0,
          "attributes": {
            "algorithm": "RSA",
            "ecdsa_curve": "P224",
            "id": "1bba4681660fc69c95e65cac78a432b136c8c838",
            "private_key_pem": "-----BEGIN RSA PRIVATE KEY-----\nMIIEpAIBAAKCAQEAwX9pzuOFDqdfjJJ/PJOwSIZtMugncD+H4frWe/DZkikbrLjv\ny0HBqnMZ6Ll6frA8HyHAHdt0Tdc+fssg+CpPfP41FwM7b+zG/TktaogAPhXBORYW\ne9HlfQxNMWKkKCruYSpHaqbtBP72db0XgoD1fCkq3bjw55biimyCqY+jVbElLI2v\nkXEj8O5ujdXOngIaLbC3IyXcWKxUPvT2H/maCEOPeb2xy+Ri89OtGFeaP3Y5AYNW\nzcqI26vZemeOYvEaieSpcS0MG52DlsJBQbYoFgYgx4+DbrjShaI4E9s33revLRXo\n2DmRlTQ+TwUhGy31+Sw3HgqGvplOM4F/lbTkKwIDAQABAoIBAF152/eiWikWGkai\nju0Iu+SNbDtng4Xqaw50SyFc3P6K9V+fh9g9T/2z1RRkZhTFtoWjnFfQKINiNEK0\nhpzcc8ICXEtduFz9mbPC53nLcbKMd+fID9yJLcAXLUNqT7tH4hj2f8G6Gk6LjSyb\nyLu26OCuUpMCQP7gGVidyxF23oUKUeElClnpUKlFijOOIfGdv/ZZrwVWcy9CKHtE\ngCsYnzsrXb81rFB/JSJpwfZtuOHmVsSCPUUkSRqky91W/IKE5Ct4DefiuP5XRFo0\nKMSNAaVhShmvHeCbdjj2vLBrFI5NMRbYKx3GHg0wX/DAmyA4HDPo3BHxPS64ZkVc\nK/VuFWECgYEAwr1HTVoS+yuctnniwGSYre44TdgUF3LO1ZEvtpV3NT/oCeb2n2Ix\n68Gt/h6xXpCda68aQNKGKgIjhBIIgZ4VB242cnKu6tm/ILSh6feC+bhNuhT2Opd8\nBv4F+oDI2kK6QBLEX2E3J9zTuiv74pNTfsVa5+xv6CN9c2nM5yO8Po0CgYEA/l4k\nO5s/aXgxs/5n5quFzsxYkvWz3wzUFb6UzU55H+RxcX/cfL3DPSBd/aIpjc58Oqcc\nQVv+jgPzugLzbXbeJ72PBkCx7/T8WNhKK20Vmev57wCJgR73AcQ/NPIRIPQtTrn9\nKztsJVGqkvDubq8HGLGwxZTKl5637+Ti/3qnu5cCgYAFMa85LPHcqSkg5NdbclNw\nMC5oRR8kEPfbUmgHYq0vSmkR+osRbTkPpLbTVFY+w3SvbpgwqmzRqgTwfNqlOmYt\nMI9bNhvcP7qNUMQQzX080+Ge2PhIT8oLFbNrHww8ZhM5qkZ6lMk30vgCuzGYtX1A\noFrwXKoPcwLhlSzV7WoT8QKBgQDU+E9P1Ljv/mFm+W9Ws29x6KeUS8GQ0/XSSuHd\nT4GcUTEmPU6G5n7L9Aid7iLqhuJ+XSIMGxDzKJ3stMHJeceg8FYKfyo75RtO67CV\n0VxPpkJ5eDKoeBuJUB03oCD1PVud2Zz9kGAIkurE4pJO+55ub3+4vc4tygbpBPOF\nwdUj+wKBgQCqI14HGZaClBjESPBuMpxUrJie7QZtTLDDMk+czLij8amDMcJNW6p+\nMnOKYX/ZOeCg3dSSXnLDL0OQtuhV9007MUJ7I4Dopwxxvxb7f8oDicieKZEBD9u5\n3XhstbOqqbuQr5d7Hr+o3HD1/Uf6GbD07F20leKD/uBSyNoatdMukg==\n-----END RSA PRIVATE KEY-----\n",
            "public_key_fingerprint_md5": "e9:35:eb:30:94:76:ae:31:52:dc:7b:b3:98:f8:fa:2a",
            "public_key_openssh": "ssh-rsa AAAAB3NzaC1yc2EAAAADAQABAAABAQDBf2nO44UOp1+Mkn88k7BIhm0y6CdwP4fh+tZ78NmSKRusuO/LQcGqcxnouXp+sDwfIcAd23RN1z5+yyD4Kk98/jUXAztv7Mb9OS1qiAA+FcE5FhZ70eV9DE0xYqQoKu5hKkdqpu0E/vZ1vReCgPV8KSrduPDnluKKbIKpj6NVsSUsja+RcSPw7m6N1c6eAhotsLcjJdxYrFQ+9PYf+ZoIQ495vbHL5GLz060YV5o/djkBg1bNyojbq9l6Z45i8RqJ5KlxLQwbnYOWwkFBtigWBiDHj4NuuNKFojgT2zfet68tFejYOZGVND5PBSEbLfX5LDceCoa+mU4zgX+VtOQr\n",
            "public_key_pem": "-----BEGIN PUBLIC KEY-----\nMIIBIjANBgkqhkiG9w0BAQEFAAOCAQ8AMIIBCgKCAQEAwX9pzuOFDqdfjJJ/PJOw\nSIZtMugncD+H4frWe/DZkikbrLjvy0HBqnMZ6Ll6frA8HyHAHdt0Tdc+fssg+CpP\nfP41FwM7b+zG/TktaogAPhXBORYWe9HlfQxNMWKkKCruYSpHaqbtBP72db0XgoD1\nfCkq3bjw55biimyCqY+jVbElLI2vkXEj8O5ujdXOngIaLbC3IyXcWKxUPvT2H/ma\nCEOPeb2xy+Ri89OtGFeaP3Y5AYNWzcqI26vZemeOYvEaieSpcS0MG52DlsJBQbYo\nFgYgx4+DbrjShaI4E9s33revLRXo2DmRlTQ+TwUhGy31+Sw3HgqGvplOM4F/lbTk\nKwIDAQAB\n-----END PUBLIC KEY-----\n",
            "rsa_bits": 2048
          },
          "sensitive_attributes": [],
          "private": "bnVsbA=="
        }
      ]
    }
  ]
}
